// !$*UTF8*$!
{
	archiveVersion = 1;
	classes = {
	};
	objectVersion = 77;
	objects = {

/* Begin PBXBuildFile section */
		01E3439E649010D829D7AB8A /* SettingsView.swift in Sources */ = {isa = PBXBuildFile; fileRef = AF43538DAF9F07E1F7428FE1 /* SettingsView.swift */; };
		0323B3047D47591B359097DF /* AlbumsView.swift in Sources */ = {isa = PBXBuildFile; fileRef = C4D685B9A89C2B6EDCCCB4AB /* AlbumsView.swift */; };
		0875DAB5569B83DC801CA7B8 /* Assets.xcassets in Resources */ = {isa = PBXBuildFile; fileRef = 4D55B677D3210BEAEDFEA0C5 /* Assets.xcassets */; };
		116A7F3DD4FF063CD5776F50 /* LiveActivityController.swift in Sources */ = {isa = PBXBuildFile; fileRef = CB2650366DAD3EEB077B33CD /* LiveActivityController.swift */; };
		16F8F24D50C9EB96562011DC /* SmartPlay.swift in Sources */ = {isa = PBXBuildFile; fileRef = A31A65F1BCE09BD374018CC4 /* SmartPlay.swift */; };
		3623E19150C55CECDF8DF6BE /* HarmonIQActivityAttributes.swift in Sources */ = {isa = PBXBuildFile; fileRef = CC4F2B572BEA8AA004255D82 /* HarmonIQActivityAttributes.swift */; };
		378FEA2A2125F0710167C4EE /* ScrollingBitmapText.swift in Sources */ = {isa = PBXBuildFile; fileRef = BB566E7DBDC9F95DA534869C /* ScrollingBitmapText.swift */; };
		3A5F09869BC9EA7F4DC88B35 /* ContentView.swift in Sources */ = {isa = PBXBuildFile; fileRef = 3D6EA2A86E18C3306B3A4BFC /* ContentView.swift */; };
		3C97B812BAD6F65814E216E6 /* SleepTimerViews.swift in Sources */ = {isa = PBXBuildFile; fileRef = 03C45ED4E273D5CD36352156 /* SleepTimerViews.swift */; };
		3EE13B1011444446AF4C9346 /* MusicIndexer.swift in Sources */ = {isa = PBXBuildFile; fileRef = 9D861E89EB0B0713F92113EE /* MusicIndexer.swift */; };
		409179BD52B576D6D435FD06 /* NowPlayingManager.swift in Sources */ = {isa = PBXBuildFile; fileRef = B633D01EE0A630588055E78D /* NowPlayingManager.swift */; };
		492B4DC977A439789D0DA1D9 /* VisualizerSettingsView.swift in Sources */ = {isa = PBXBuildFile; fileRef = 15226D22B73C8F0CE0719B80 /* VisualizerSettingsView.swift */; };
		4ADB0C6545C514B0C7DD74BC /* SkinManager.swift in Sources */ = {isa = PBXBuildFile; fileRef = A4AF615B9FD22338A53B687E /* SkinManager.swift */; };
		4F0642BBF49AF0AD060D3949 /* Playlist.swift in Sources */ = {isa = PBXBuildFile; fileRef = D210ACF5D89E9E21A1496719 /* Playlist.swift */; };
		5CCAA8466F69FB84BF8B02A6 /* SharedComponents.swift in Sources */ = {isa = PBXBuildFile; fileRef = 347E6294D599CCE0B3003D2E /* SharedComponents.swift */; };
		5DB383E665EE8EAE33D78E9C /* LibraryStore.swift in Sources */ = {isa = PBXBuildFile; fileRef = 9F130079612D4D04F3BDAF75 /* LibraryStore.swift */; };
		69A2102040E365274784D9BD /* SpriteButton.swift in Sources */ = {isa = PBXBuildFile; fileRef = C6203F24B0D3D962883456DA /* SpriteButton.swift */; };
		75DC9743887154D3D3823A75 /* Track.swift in Sources */ = {isa = PBXBuildFile; fileRef = DCC1E5260F8BCC82F22321CD /* Track.swift */; };
		76F4F5DD1D5A5F6E1D1863D8 /* ZIPFoundation in Frameworks */ = {isa = PBXBuildFile; productRef = EC4820A900BD0CE57BB886C3 /* ZIPFoundation */; };
		77B3E1181A2A2CBFAD277C5E /* SmartPlayView.swift in Sources */ = {isa = PBXBuildFile; fileRef = BAE503899DE0AC71DEE6E6B7 /* SmartPlayView.swift */; };
		77D9EEF75A3909296BEF427B /* SkinSettingsView.swift in Sources */ = {isa = PBXBuildFile; fileRef = 5CC7D5B7F672E031A0E10CD5 /* SkinSettingsView.swift */; };
		791A8D34EE8AB6E905502339 /* BitmapNumbers.swift in Sources */ = {isa = PBXBuildFile; fileRef = ED17D95227132C92484D37D4 /* BitmapNumbers.swift */; };
		7F8EEECCAE52592D4BBAF6D1 /* BookmarkStore.swift in Sources */ = {isa = PBXBuildFile; fileRef = 9BA0C5DAF97A47E057019501 /* BookmarkStore.swift */; };
		81A7F353D3DE8032677CF41A /* HarmonIQLiveActivity.appex in Embed Foundation Extensions */ = {isa = PBXBuildFile; fileRef = FB11BD031B719E529ADE16FC /* HarmonIQLiveActivity.appex */; settings = {ATTRIBUTES = (RemoveHeadersOnCopy, ); }; };
		89D7DBC59590AF415A3B0191 /* SkinnedVolumeSlider.swift in Sources */ = {isa = PBXBuildFile; fileRef = 645788E38767A20E50B440A4 /* SkinnedVolumeSlider.swift */; };
		8CEA6C7112AA776066EDEE1E /* BitmapSlider.swift in Sources */ = {isa = PBXBuildFile; fileRef = CE5341339CB5BD57C71DD7EC /* BitmapSlider.swift */; };
		8E0DD1135723468147BBB31D /* PlaylistsView.swift in Sources */ = {isa = PBXBuildFile; fileRef = 3B4DEE2EB2331B3F5BB20CB2 /* PlaylistsView.swift */; };
		8EA86E02734B08EA09994A4C /* SkinLoader.swift in Sources */ = {isa = PBXBuildFile; fileRef = AC1C8025A0B96CB360C84D6A /* SkinLoader.swift */; };
		9546DB969B9FE4BEBDBF9F76 /* FoldersView.swift in Sources */ = {isa = PBXBuildFile; fileRef = E35D430429E1AB1C5D29D971 /* FoldersView.swift */; };
		95C1D7862712B1AF3530D399 /* SkinFormat.swift in Sources */ = {isa = PBXBuildFile; fileRef = 982616423A6BC3BB174F0A2E /* SkinFormat.swift */; };
		A10BD1CC54DC77E7DF551BA6 /* LibraryView.swift in Sources */ = {isa = PBXBuildFile; fileRef = 8CA5D219A5FF2CBA19A0E003 /* LibraryView.swift */; };
		A9D09BD270A0DB94DD3F50C4 /* SkinnedMainView.swift in Sources */ = {isa = PBXBuildFile; fileRef = F1A690CB3BB86B25F3B2E899 /* SkinnedMainView.swift */; };
		AC478B855CF2B75C21361D45 /* SandboxRootStore.swift in Sources */ = {isa = PBXBuildFile; fileRef = F220F64AA1D95133ED5A5159 /* SandboxRootStore.swift */; };
		AC921564D73DC6AE631081AE /* SkinnedPlaylistView.swift in Sources */ = {isa = PBXBuildFile; fileRef = A766E8A1DB63DED492B821BA /* SkinnedPlaylistView.swift */; };
		ADFA445F84DD3EDB1A55C5DB /* WinampSkin.swift in Sources */ = {isa = PBXBuildFile; fileRef = 9BBB248B178FE1FCF612ED97 /* WinampSkin.swift */; };
		B153D80B704DF5FC98C09A50 /* HarmonIQLiveActivityWidget.swift in Sources */ = {isa = PBXBuildFile; fileRef = 55024EA44411432F49AA2A6C /* HarmonIQLiveActivityWidget.swift */; };
		B5EE909DC0FD5E4684D545F9 /* Skins in Resources */ = {isa = PBXBuildFile; fileRef = 7D9E86967B7801F70269E055 /* Skins */; };
		B84CEA38828817F440C90762 /* HarmonIQActivityAttributes.swift in Sources */ = {isa = PBXBuildFile; fileRef = CC4F2B572BEA8AA004255D82 /* HarmonIQActivityAttributes.swift */; };
		BFA4ABD4D88D5BE40B5445F8 /* EqualizerManager.swift in Sources */ = {isa = PBXBuildFile; fileRef = 1747349698811EB8ADA561A3 /* EqualizerManager.swift */; };
		BFEC72EA12BDE9A75C6FFEB2 /* SkinnedVisualizer.swift in Sources */ = {isa = PBXBuildFile; fileRef = D68585262E7BD5EBB3CDF779 /* SkinnedVisualizer.swift */; };
		C1E390816F8C0F10CAFE7D26 /* HarmonIQLiveActivityBundle.swift in Sources */ = {isa = PBXBuildFile; fileRef = D35BA7A18964112136E71B61 /* HarmonIQLiveActivityBundle.swift */; };
		C7F097C03E3F811A8FFD64F6 /* Preview Assets.xcassets in Resources */ = {isa = PBXBuildFile; fileRef = F01297D60CC5B6C050170B45 /* Preview Assets.xcassets */; };
		CBDFA717362848840E08B642 /* BitmapText.swift in Sources */ = {isa = PBXBuildFile; fileRef = F995634B51E300AA46B6DBF7 /* BitmapText.swift */; };
		CE1BF955311C8DB60D692FE8 /* NowPlayingView.swift in Sources */ = {isa = PBXBuildFile; fileRef = 38FE23F9FF831246E93D46D0 /* NowPlayingView.swift */; };
		D0B58783C53C00AAF777EA5B /* SkinnedEqualizerView.swift in Sources */ = {isa = PBXBuildFile; fileRef = 91184AF88772B10074EACE0A /* SkinnedEqualizerView.swift */; };
		D14CC8746BAA04AFF959DFB5 /* MetadataExtractor.swift in Sources */ = {isa = PBXBuildFile; fileRef = F53B7620084258E7F659C7D7 /* MetadataExtractor.swift */; };
		D2EA2CFCD49E1790A8904149 /* WinampTheme.swift in Sources */ = {isa = PBXBuildFile; fileRef = 4A34D43E2D09B36F9A92DF67 /* WinampTheme.swift */; };
		DA3451E853523F3F3794A302 /* ArtistsView.swift in Sources */ = {isa = PBXBuildFile; fileRef = 21D6E4A738A357E6A860D0E0 /* ArtistsView.swift */; };
		DAC622E13BE984A57D2E9C86 /* HarmonIQApp.swift in Sources */ = {isa = PBXBuildFile; fileRef = AA4029B61958E1D8F6162CCA /* HarmonIQApp.swift */; };
		DC9F3F437F7B059AD8D253B5 /* DriveLibraryStore.swift in Sources */ = {isa = PBXBuildFile; fileRef = BEFB4D3197C2EC465A4B964C /* DriveLibraryStore.swift */; };
		DCF4418A459E115EF770E6D9 /* AudioPlayerManager.swift in Sources */ = {isa = PBXBuildFile; fileRef = 978941B5C224F0EFA9E46A90 /* AudioPlayerManager.swift */; };
		E1D2A557F273963F3ABFCFC5 /* AllTracksView.swift in Sources */ = {isa = PBXBuildFile; fileRef = D0243B50E58BF70DF26D99D0 /* AllTracksView.swift */; };
		EC778E91CBFC41C1A6A09A2A /* Visualizers.swift in Sources */ = {isa = PBXBuildFile; fileRef = 6A922A09FC20BC24E0180727 /* Visualizers.swift */; };
		F01E667FD20EFB46CB5AF202 /* SearchView.swift in Sources */ = {isa = PBXBuildFile; fileRef = 32550B9D7779BCA0DDA5827D /* SearchView.swift */; };
/* End PBXBuildFile section */

/* Begin PBXContainerItemProxy section */
		E3D27CC360C854F9F3430208 /* PBXContainerItemProxy */ = {
			isa = PBXContainerItemProxy;
			containerPortal = 27EC6F01F1FD7FF01CCCB4F0 /* Project object */;
			proxyType = 1;
			remoteGlobalIDString = D70013FE00F3141A4BA85332;
			remoteInfo = HarmonIQLiveActivity;
		};
/* End PBXContainerItemProxy section */

/* Begin PBXCopyFilesBuildPhase section */
		132C7151AF02F0E8F2C4EF30 /* Embed Foundation Extensions */ = {
			isa = PBXCopyFilesBuildPhase;
			buildActionMask = 2147483647;
			dstPath = "";
			dstSubfolderSpec = 13;
			files = (
				81A7F353D3DE8032677CF41A /* HarmonIQLiveActivity.appex in Embed Foundation Extensions */,
			);
			name = "Embed Foundation Extensions";
			runOnlyForDeploymentPostprocessing = 0;
		};
/* End PBXCopyFilesBuildPhase section */

/* Begin PBXFileReference section */
		03C45ED4E273D5CD36352156 /* SleepTimerViews.swift */ = {isa = PBXFileReference; lastKnownFileType = sourcecode.swift; path = SleepTimerViews.swift; sourceTree = "<group>"; };
		15226D22B73C8F0CE0719B80 /* VisualizerSettingsView.swift */ = {isa = PBXFileReference; lastKnownFileType = sourcecode.swift; path = VisualizerSettingsView.swift; sourceTree = "<group>"; };
		1747349698811EB8ADA561A3 /* EqualizerManager.swift */ = {isa = PBXFileReference; lastKnownFileType = sourcecode.swift; path = EqualizerManager.swift; sourceTree = "<group>"; };
		21D6E4A738A357E6A860D0E0 /* ArtistsView.swift */ = {isa = PBXFileReference; lastKnownFileType = sourcecode.swift; path = ArtistsView.swift; sourceTree = "<group>"; };
		32550B9D7779BCA0DDA5827D /* SearchView.swift */ = {isa = PBXFileReference; lastKnownFileType = sourcecode.swift; path = SearchView.swift; sourceTree = "<group>"; };
		347E6294D599CCE0B3003D2E /* SharedComponents.swift */ = {isa = PBXFileReference; lastKnownFileType = sourcecode.swift; path = SharedComponents.swift; sourceTree = "<group>"; };
		38FE23F9FF831246E93D46D0 /* NowPlayingView.swift */ = {isa = PBXFileReference; lastKnownFileType = sourcecode.swift; path = NowPlayingView.swift; sourceTree = "<group>"; };
		3B4DEE2EB2331B3F5BB20CB2 /* PlaylistsView.swift */ = {isa = PBXFileReference; lastKnownFileType = sourcecode.swift; path = PlaylistsView.swift; sourceTree = "<group>"; };
		3D6EA2A86E18C3306B3A4BFC /* ContentView.swift */ = {isa = PBXFileReference; lastKnownFileType = sourcecode.swift; path = ContentView.swift; sourceTree = "<group>"; };
		4A34D43E2D09B36F9A92DF67 /* WinampTheme.swift */ = {isa = PBXFileReference; lastKnownFileType = sourcecode.swift; path = WinampTheme.swift; sourceTree = "<group>"; };
		4D55B677D3210BEAEDFEA0C5 /* Assets.xcassets */ = {isa = PBXFileReference; lastKnownFileType = folder.assetcatalog; path = Assets.xcassets; sourceTree = "<group>"; };
		55024EA44411432F49AA2A6C /* HarmonIQLiveActivityWidget.swift */ = {isa = PBXFileReference; lastKnownFileType = sourcecode.swift; path = HarmonIQLiveActivityWidget.swift; sourceTree = "<group>"; };
		5CC7D5B7F672E031A0E10CD5 /* SkinSettingsView.swift */ = {isa = PBXFileReference; lastKnownFileType = sourcecode.swift; path = SkinSettingsView.swift; sourceTree = "<group>"; };
		645788E38767A20E50B440A4 /* SkinnedVolumeSlider.swift */ = {isa = PBXFileReference; lastKnownFileType = sourcecode.swift; path = SkinnedVolumeSlider.swift; sourceTree = "<group>"; };
		6A922A09FC20BC24E0180727 /* Visualizers.swift */ = {isa = PBXFileReference; lastKnownFileType = sourcecode.swift; path = Visualizers.swift; sourceTree = "<group>"; };
		6E48BCF53895F042489D6F8B /* Info.plist */ = {isa = PBXFileReference; lastKnownFileType = text.plist; path = Info.plist; sourceTree = "<group>"; };
		7D9E86967B7801F70269E055 /* Skins */ = {isa = PBXFileReference; lastKnownFileType = folder; name = Skins; path = HarmonIQ/Resources/Skins; sourceTree = SOURCE_ROOT; };
		8CA5D219A5FF2CBA19A0E003 /* LibraryView.swift */ = {isa = PBXFileReference; lastKnownFileType = sourcecode.swift; path = LibraryView.swift; sourceTree = "<group>"; };
		91184AF88772B10074EACE0A /* SkinnedEqualizerView.swift */ = {isa = PBXFileReference; lastKnownFileType = sourcecode.swift; path = SkinnedEqualizerView.swift; sourceTree = "<group>"; };
		978941B5C224F0EFA9E46A90 /* AudioPlayerManager.swift */ = {isa = PBXFileReference; lastKnownFileType = sourcecode.swift; path = AudioPlayerManager.swift; sourceTree = "<group>"; };
		982616423A6BC3BB174F0A2E /* SkinFormat.swift */ = {isa = PBXFileReference; lastKnownFileType = sourcecode.swift; path = SkinFormat.swift; sourceTree = "<group>"; };
		9BA0C5DAF97A47E057019501 /* BookmarkStore.swift */ = {isa = PBXFileReference; lastKnownFileType = sourcecode.swift; path = BookmarkStore.swift; sourceTree = "<group>"; };
		9BBB248B178FE1FCF612ED97 /* WinampSkin.swift */ = {isa = PBXFileReference; lastKnownFileType = sourcecode.swift; path = WinampSkin.swift; sourceTree = "<group>"; };
		9D861E89EB0B0713F92113EE /* MusicIndexer.swift */ = {isa = PBXFileReference; lastKnownFileType = sourcecode.swift; path = MusicIndexer.swift; sourceTree = "<group>"; };
		9F130079612D4D04F3BDAF75 /* LibraryStore.swift */ = {isa = PBXFileReference; lastKnownFileType = sourcecode.swift; path = LibraryStore.swift; sourceTree = "<group>"; };
		A31A65F1BCE09BD374018CC4 /* SmartPlay.swift */ = {isa = PBXFileReference; lastKnownFileType = sourcecode.swift; path = SmartPlay.swift; sourceTree = "<group>"; };
		A4AF615B9FD22338A53B687E /* SkinManager.swift */ = {isa = PBXFileReference; lastKnownFileType = sourcecode.swift; path = SkinManager.swift; sourceTree = "<group>"; };
		A766E8A1DB63DED492B821BA /* SkinnedPlaylistView.swift */ = {isa = PBXFileReference; lastKnownFileType = sourcecode.swift; path = SkinnedPlaylistView.swift; sourceTree = "<group>"; };
		AA4029B61958E1D8F6162CCA /* HarmonIQApp.swift */ = {isa = PBXFileReference; lastKnownFileType = sourcecode.swift; path = HarmonIQApp.swift; sourceTree = "<group>"; };
		AA6F896DD9E52036E7C40429 /* Info.plist */ = {isa = PBXFileReference; lastKnownFileType = text.plist; path = Info.plist; sourceTree = "<group>"; };
		AC1C8025A0B96CB360C84D6A /* SkinLoader.swift */ = {isa = PBXFileReference; lastKnownFileType = sourcecode.swift; path = SkinLoader.swift; sourceTree = "<group>"; };
		AF43538DAF9F07E1F7428FE1 /* SettingsView.swift */ = {isa = PBXFileReference; lastKnownFileType = sourcecode.swift; path = SettingsView.swift; sourceTree = "<group>"; };
		B633D01EE0A630588055E78D /* NowPlayingManager.swift */ = {isa = PBXFileReference; lastKnownFileType = sourcecode.swift; path = NowPlayingManager.swift; sourceTree = "<group>"; };
		BAE503899DE0AC71DEE6E6B7 /* SmartPlayView.swift */ = {isa = PBXFileReference; lastKnownFileType = sourcecode.swift; path = SmartPlayView.swift; sourceTree = "<group>"; };
		BB566E7DBDC9F95DA534869C /* ScrollingBitmapText.swift */ = {isa = PBXFileReference; lastKnownFileType = sourcecode.swift; path = ScrollingBitmapText.swift; sourceTree = "<group>"; };
		BEFB4D3197C2EC465A4B964C /* DriveLibraryStore.swift */ = {isa = PBXFileReference; lastKnownFileType = sourcecode.swift; path = DriveLibraryStore.swift; sourceTree = "<group>"; };
		C20AD805166CAC672F2833BC /* HarmonIQ.app */ = {isa = PBXFileReference; includeInIndex = 0; lastKnownFileType = wrapper.application; path = HarmonIQ.app; sourceTree = BUILT_PRODUCTS_DIR; };
		C4D685B9A89C2B6EDCCCB4AB /* AlbumsView.swift */ = {isa = PBXFileReference; lastKnownFileType = sourcecode.swift; path = AlbumsView.swift; sourceTree = "<group>"; };
		C6203F24B0D3D962883456DA /* SpriteButton.swift */ = {isa = PBXFileReference; lastKnownFileType = sourcecode.swift; path = SpriteButton.swift; sourceTree = "<group>"; };
		CB2650366DAD3EEB077B33CD /* LiveActivityController.swift */ = {isa = PBXFileReference; lastKnownFileType = sourcecode.swift; path = LiveActivityController.swift; sourceTree = "<group>"; };
		CC4F2B572BEA8AA004255D82 /* HarmonIQActivityAttributes.swift */ = {isa = PBXFileReference; lastKnownFileType = sourcecode.swift; path = HarmonIQActivityAttributes.swift; sourceTree = "<group>"; };
		CE5341339CB5BD57C71DD7EC /* BitmapSlider.swift */ = {isa = PBXFileReference; lastKnownFileType = sourcecode.swift; path = BitmapSlider.swift; sourceTree = "<group>"; };
		D0243B50E58BF70DF26D99D0 /* AllTracksView.swift */ = {isa = PBXFileReference; lastKnownFileType = sourcecode.swift; path = AllTracksView.swift; sourceTree = "<group>"; };
		D210ACF5D89E9E21A1496719 /* Playlist.swift */ = {isa = PBXFileReference; lastKnownFileType = sourcecode.swift; path = Playlist.swift; sourceTree = "<group>"; };
		D35BA7A18964112136E71B61 /* HarmonIQLiveActivityBundle.swift */ = {isa = PBXFileReference; lastKnownFileType = sourcecode.swift; path = HarmonIQLiveActivityBundle.swift; sourceTree = "<group>"; };
		D68585262E7BD5EBB3CDF779 /* SkinnedVisualizer.swift */ = {isa = PBXFileReference; lastKnownFileType = sourcecode.swift; path = SkinnedVisualizer.swift; sourceTree = "<group>"; };
		DCC1E5260F8BCC82F22321CD /* Track.swift */ = {isa = PBXFileReference; lastKnownFileType = sourcecode.swift; path = Track.swift; sourceTree = "<group>"; };
		E35D430429E1AB1C5D29D971 /* FoldersView.swift */ = {isa = PBXFileReference; lastKnownFileType = sourcecode.swift; path = FoldersView.swift; sourceTree = "<group>"; };
		ED17D95227132C92484D37D4 /* BitmapNumbers.swift */ = {isa = PBXFileReference; lastKnownFileType = sourcecode.swift; path = BitmapNumbers.swift; sourceTree = "<group>"; };
		F01297D60CC5B6C050170B45 /* Preview Assets.xcassets */ = {isa = PBXFileReference; lastKnownFileType = folder.assetcatalog; path = "Preview Assets.xcassets"; sourceTree = "<group>"; };
		F1A690CB3BB86B25F3B2E899 /* SkinnedMainView.swift */ = {isa = PBXFileReference; lastKnownFileType = sourcecode.swift; path = SkinnedMainView.swift; sourceTree = "<group>"; };
		F220F64AA1D95133ED5A5159 /* SandboxRootStore.swift */ = {isa = PBXFileReference; lastKnownFileType = sourcecode.swift; path = SandboxRootStore.swift; sourceTree = "<group>"; };
		F53B7620084258E7F659C7D7 /* MetadataExtractor.swift */ = {isa = PBXFileReference; lastKnownFileType = sourcecode.swift; path = MetadataExtractor.swift; sourceTree = "<group>"; };
		F995634B51E300AA46B6DBF7 /* BitmapText.swift */ = {isa = PBXFileReference; lastKnownFileType = sourcecode.swift; path = BitmapText.swift; sourceTree = "<group>"; };
		FB11BD031B719E529ADE16FC /* HarmonIQLiveActivity.appex */ = {isa = PBXFileReference; includeInIndex = 0; lastKnownFileType = "wrapper.app-extension"; path = HarmonIQLiveActivity.appex; sourceTree = BUILT_PRODUCTS_DIR; };
/* End PBXFileReference section */

/* Begin PBXFrameworksBuildPhase section */
		CFDC84B13D7A3446503B2110 /* Frameworks */ = {
			isa = PBXFrameworksBuildPhase;
			buildActionMask = 2147483647;
			files = (
				76F4F5DD1D5A5F6E1D1863D8 /* ZIPFoundation in Frameworks */,
			);
			runOnlyForDeploymentPostprocessing = 0;
		};
/* End PBXFrameworksBuildPhase section */

/* Begin PBXGroup section */
		26B82CBABF6097B115C7FD68 /* Skin */ = {
			isa = PBXGroup;
			children = (
				ED17D95227132C92484D37D4 /* BitmapNumbers.swift */,
				CE5341339CB5BD57C71DD7EC /* BitmapSlider.swift */,
				F995634B51E300AA46B6DBF7 /* BitmapText.swift */,
				BB566E7DBDC9F95DA534869C /* ScrollingBitmapText.swift */,
				91184AF88772B10074EACE0A /* SkinnedEqualizerView.swift */,
				F1A690CB3BB86B25F3B2E899 /* SkinnedMainView.swift */,
				A766E8A1DB63DED492B821BA /* SkinnedPlaylistView.swift */,
				D68585262E7BD5EBB3CDF779 /* SkinnedVisualizer.swift */,
				645788E38767A20E50B440A4 /* SkinnedVolumeSlider.swift */,
				C6203F24B0D3D962883456DA /* SpriteButton.swift */,
			);
			path = Skin;
			sourceTree = "<group>";
		};
		45559C604578B47631409FD8 /* Models */ = {
			isa = PBXGroup;
			children = (
				D210ACF5D89E9E21A1496719 /* Playlist.swift */,
				DCC1E5260F8BCC82F22321CD /* Track.swift */,
			);
			path = Models;
			sourceTree = "<group>";
		};
		562B9DDB1FC012BBB793F975 /* Indexer */ = {
			isa = PBXGroup;
			children = (
				F53B7620084258E7F659C7D7 /* MetadataExtractor.swift */,
				9D861E89EB0B0713F92113EE /* MusicIndexer.swift */,
			);
			path = Indexer;
			sourceTree = "<group>";
		};
		619F06FDDA0CD190BCFD40C0 /* Resources */ = {
			isa = PBXGroup;
			children = (
				7656DA2359AD617623ABE7E7 /* Preview Content */,
				4D55B677D3210BEAEDFEA0C5 /* Assets.xcassets */,
				7D9E86967B7801F70269E055 /* Skins */,
			);
			path = Resources;
			sourceTree = "<group>";
		};
		677A0BB1CDB8BB423F8BA7E6 /* Products */ = {
			isa = PBXGroup;
			children = (
				C20AD805166CAC672F2833BC /* HarmonIQ.app */,
				FB11BD031B719E529ADE16FC /* HarmonIQLiveActivity.appex */,
			);
			name = Products;
			sourceTree = "<group>";
		};
		7656DA2359AD617623ABE7E7 /* Preview Content */ = {
			isa = PBXGroup;
			children = (
				F01297D60CC5B6C050170B45 /* Preview Assets.xcassets */,
			);
			path = "Preview Content";
			sourceTree = "<group>";
		};
		78C0FBC76EAEEFBCCF68B6C8 /* Views */ = {
			isa = PBXGroup;
			children = (
				26B82CBABF6097B115C7FD68 /* Skin */,
				C4D685B9A89C2B6EDCCCB4AB /* AlbumsView.swift */,
				D0243B50E58BF70DF26D99D0 /* AllTracksView.swift */,
				21D6E4A738A357E6A860D0E0 /* ArtistsView.swift */,
				3D6EA2A86E18C3306B3A4BFC /* ContentView.swift */,
				E35D430429E1AB1C5D29D971 /* FoldersView.swift */,
				8CA5D219A5FF2CBA19A0E003 /* LibraryView.swift */,
				38FE23F9FF831246E93D46D0 /* NowPlayingView.swift */,
				3B4DEE2EB2331B3F5BB20CB2 /* PlaylistsView.swift */,
				32550B9D7779BCA0DDA5827D /* SearchView.swift */,
				AF43538DAF9F07E1F7428FE1 /* SettingsView.swift */,
				347E6294D599CCE0B3003D2E /* SharedComponents.swift */,
				5CC7D5B7F672E031A0E10CD5 /* SkinSettingsView.swift */,
				03C45ED4E273D5CD36352156 /* SleepTimerViews.swift */,
				BAE503899DE0AC71DEE6E6B7 /* SmartPlayView.swift */,
				6A922A09FC20BC24E0180727 /* Visualizers.swift */,
				15226D22B73C8F0CE0719B80 /* VisualizerSettingsView.swift */,
				4A34D43E2D09B36F9A92DF67 /* WinampTheme.swift */,
			);
			path = Views;
			sourceTree = "<group>";
		};
		7AAB7C6ECEE9D613FC0984C2 /* HarmonIQ */ = {
			isa = PBXGroup;
			children = (
				562B9DDB1FC012BBB793F975 /* Indexer */,
				A6440EFB9CEEA741EB004C9A /* LiveActivity */,
				45559C604578B47631409FD8 /* Models */,
				D28E41CA4EC4610E249F46F4 /* Persistence */,
				8B9672760105FAA96F2576E3 /* Player */,
				619F06FDDA0CD190BCFD40C0 /* Resources */,
				D38B3EEA7E0A561010DC85B4 /* Skins */,
				78C0FBC76EAEEFBCCF68B6C8 /* Views */,
				AA4029B61958E1D8F6162CCA /* HarmonIQApp.swift */,
				6E48BCF53895F042489D6F8B /* Info.plist */,
			);
			path = HarmonIQ;
			sourceTree = "<group>";
		};
		8B9672760105FAA96F2576E3 /* Player */ = {
			isa = PBXGroup;
			children = (
				978941B5C224F0EFA9E46A90 /* AudioPlayerManager.swift */,
				1747349698811EB8ADA561A3 /* EqualizerManager.swift */,
				B633D01EE0A630588055E78D /* NowPlayingManager.swift */,
				A31A65F1BCE09BD374018CC4 /* SmartPlay.swift */,
			);
			path = Player;
			sourceTree = "<group>";
		};
		A6440EFB9CEEA741EB004C9A /* LiveActivity */ = {
			isa = PBXGroup;
			children = (
				CC4F2B572BEA8AA004255D82 /* HarmonIQActivityAttributes.swift */,
				CB2650366DAD3EEB077B33CD /* LiveActivityController.swift */,
			);
			path = LiveActivity;
			sourceTree = "<group>";
		};
		D28E41CA4EC4610E249F46F4 /* Persistence */ = {
			isa = PBXGroup;
			children = (
				9BA0C5DAF97A47E057019501 /* BookmarkStore.swift */,
				BEFB4D3197C2EC465A4B964C /* DriveLibraryStore.swift */,
				9F130079612D4D04F3BDAF75 /* LibraryStore.swift */,
				F220F64AA1D95133ED5A5159 /* SandboxRootStore.swift */,
			);
			path = Persistence;
			sourceTree = "<group>";
		};
		D38B3EEA7E0A561010DC85B4 /* Skins */ = {
			isa = PBXGroup;
			children = (
				982616423A6BC3BB174F0A2E /* SkinFormat.swift */,
				AC1C8025A0B96CB360C84D6A /* SkinLoader.swift */,
				A4AF615B9FD22338A53B687E /* SkinManager.swift */,
				9BBB248B178FE1FCF612ED97 /* WinampSkin.swift */,
			);
			path = Skins;
			sourceTree = "<group>";
		};
		E7B37FD92D69EEA6653056DB /* HarmonIQLiveActivity */ = {
			isa = PBXGroup;
			children = (
				D35BA7A18964112136E71B61 /* HarmonIQLiveActivityBundle.swift */,
				55024EA44411432F49AA2A6C /* HarmonIQLiveActivityWidget.swift */,
				AA6F896DD9E52036E7C40429 /* Info.plist */,
			);
			path = HarmonIQLiveActivity;
			sourceTree = "<group>";
		};
		F5EC0A912B27BB293C13F285 = {
			isa = PBXGroup;
			children = (
				7AAB7C6ECEE9D613FC0984C2 /* HarmonIQ */,
				E7B37FD92D69EEA6653056DB /* HarmonIQLiveActivity */,
				677A0BB1CDB8BB423F8BA7E6 /* Products */,
			);
			sourceTree = "<group>";
		};
/* End PBXGroup section */

/* Begin PBXNativeTarget section */
		997BB83076AD67261C4AB37C /* HarmonIQ */ = {
			isa = PBXNativeTarget;
			buildConfigurationList = 935DC4696FF0A19FAC1304A8 /* Build configuration list for PBXNativeTarget "HarmonIQ" */;
			buildPhases = (
				B086249171BDEA708B022895 /* Sources */,
				1BD17726AF9A8E1BBBA5EFA5 /* Resources */,
				CFDC84B13D7A3446503B2110 /* Frameworks */,
				132C7151AF02F0E8F2C4EF30 /* Embed Foundation Extensions */,
			);
			buildRules = (
			);
			dependencies = (
				12EB8CD70A1CC444F1A649F4 /* PBXTargetDependency */,
			);
			name = HarmonIQ;
			packageProductDependencies = (
				EC4820A900BD0CE57BB886C3 /* ZIPFoundation */,
			);
			productName = HarmonIQ;
			productReference = C20AD805166CAC672F2833BC /* HarmonIQ.app */;
			productType = "com.apple.product-type.application";
		};
		D70013FE00F3141A4BA85332 /* HarmonIQLiveActivity */ = {
			isa = PBXNativeTarget;
			buildConfigurationList = 9636E077F3933FA8E06036D6 /* Build configuration list for PBXNativeTarget "HarmonIQLiveActivity" */;
			buildPhases = (
				D0DA8D2BD65A7D9BC3108914 /* Sources */,
			);
			buildRules = (
			);
			dependencies = (
			);
			name = HarmonIQLiveActivity;
			packageProductDependencies = (
			);
			productName = HarmonIQLiveActivity;
			productReference = FB11BD031B719E529ADE16FC /* HarmonIQLiveActivity.appex */;
			productType = "com.apple.product-type.app-extension";
		};
/* End PBXNativeTarget section */

/* Begin PBXProject section */
		27EC6F01F1FD7FF01CCCB4F0 /* Project object */ = {
			isa = PBXProject;
			attributes = {
				BuildIndependentTargetsInParallel = YES;
				LastUpgradeCheck = 1500;
				TargetAttributes = {
					997BB83076AD67261C4AB37C = {
						DevelopmentTeam = 79DDZ6D8WT;
						ProvisioningStyle = Automatic;
					};
					D70013FE00F3141A4BA85332 = {
						DevelopmentTeam = 79DDZ6D8WT;
						ProvisioningStyle = Automatic;
					};
				};
			};
			buildConfigurationList = 21D68879D6F1C19017187B3A /* Build configuration list for PBXProject "HarmonIQ" */;
			developmentRegion = en;
			hasScannedForEncodings = 0;
			knownRegions = (
				Base,
				en,
			);
			mainGroup = F5EC0A912B27BB293C13F285;
			minimizedProjectReferenceProxies = 1;
			packageReferences = (
				D7F7BBAF59CB25CC58B93E6E /* XCRemoteSwiftPackageReference "ZIPFoundation" */,
			);
			preferredProjectObjectVersion = 77;
			productRefGroup = 677A0BB1CDB8BB423F8BA7E6 /* Products */;
			projectDirPath = "";
			projectRoot = "";
			targets = (
				997BB83076AD67261C4AB37C /* HarmonIQ */,
				D70013FE00F3141A4BA85332 /* HarmonIQLiveActivity */,
			);
		};
/* End PBXProject section */

/* Begin PBXResourcesBuildPhase section */
		1BD17726AF9A8E1BBBA5EFA5 /* Resources */ = {
			isa = PBXResourcesBuildPhase;
			buildActionMask = 2147483647;
			files = (
				0875DAB5569B83DC801CA7B8 /* Assets.xcassets in Resources */,
				C7F097C03E3F811A8FFD64F6 /* Preview Assets.xcassets in Resources */,
				B5EE909DC0FD5E4684D545F9 /* Skins in Resources */,
			);
			runOnlyForDeploymentPostprocessing = 0;
		};
/* End PBXResourcesBuildPhase section */

/* Begin PBXSourcesBuildPhase section */
		B086249171BDEA708B022895 /* Sources */ = {
			isa = PBXSourcesBuildPhase;
			buildActionMask = 2147483647;
			files = (
				0323B3047D47591B359097DF /* AlbumsView.swift in Sources */,
				E1D2A557F273963F3ABFCFC5 /* AllTracksView.swift in Sources */,
				DA3451E853523F3F3794A302 /* ArtistsView.swift in Sources */,
				DCF4418A459E115EF770E6D9 /* AudioPlayerManager.swift in Sources */,
				791A8D34EE8AB6E905502339 /* BitmapNumbers.swift in Sources */,
				8CEA6C7112AA776066EDEE1E /* BitmapSlider.swift in Sources */,
				CBDFA717362848840E08B642 /* BitmapText.swift in Sources */,
				7F8EEECCAE52592D4BBAF6D1 /* BookmarkStore.swift in Sources */,
				3A5F09869BC9EA7F4DC88B35 /* ContentView.swift in Sources */,
				DC9F3F437F7B059AD8D253B5 /* DriveLibraryStore.swift in Sources */,
				BFA4ABD4D88D5BE40B5445F8 /* EqualizerManager.swift in Sources */,
				9546DB969B9FE4BEBDBF9F76 /* FoldersView.swift in Sources */,
				B84CEA38828817F440C90762 /* HarmonIQActivityAttributes.swift in Sources */,
				DAC622E13BE984A57D2E9C86 /* HarmonIQApp.swift in Sources */,
				5DB383E665EE8EAE33D78E9C /* LibraryStore.swift in Sources */,
				A10BD1CC54DC77E7DF551BA6 /* LibraryView.swift in Sources */,
				116A7F3DD4FF063CD5776F50 /* LiveActivityController.swift in Sources */,
				D14CC8746BAA04AFF959DFB5 /* MetadataExtractor.swift in Sources */,
				3EE13B1011444446AF4C9346 /* MusicIndexer.swift in Sources */,
				409179BD52B576D6D435FD06 /* NowPlayingManager.swift in Sources */,
				CE1BF955311C8DB60D692FE8 /* NowPlayingView.swift in Sources */,
				4F0642BBF49AF0AD060D3949 /* Playlist.swift in Sources */,
				8E0DD1135723468147BBB31D /* PlaylistsView.swift in Sources */,
				AC478B855CF2B75C21361D45 /* SandboxRootStore.swift in Sources */,
				378FEA2A2125F0710167C4EE /* ScrollingBitmapText.swift in Sources */,
				F01E667FD20EFB46CB5AF202 /* SearchView.swift in Sources */,
				01E3439E649010D829D7AB8A /* SettingsView.swift in Sources */,
				5CCAA8466F69FB84BF8B02A6 /* SharedComponents.swift in Sources */,
				95C1D7862712B1AF3530D399 /* SkinFormat.swift in Sources */,
				8EA86E02734B08EA09994A4C /* SkinLoader.swift in Sources */,
				4ADB0C6545C514B0C7DD74BC /* SkinManager.swift in Sources */,
				77D9EEF75A3909296BEF427B /* SkinSettingsView.swift in Sources */,
				D0B58783C53C00AAF777EA5B /* SkinnedEqualizerView.swift in Sources */,
				A9D09BD270A0DB94DD3F50C4 /* SkinnedMainView.swift in Sources */,
				AC921564D73DC6AE631081AE /* SkinnedPlaylistView.swift in Sources */,
				BFEC72EA12BDE9A75C6FFEB2 /* SkinnedVisualizer.swift in Sources */,
				89D7DBC59590AF415A3B0191 /* SkinnedVolumeSlider.swift in Sources */,
				3C97B812BAD6F65814E216E6 /* SleepTimerViews.swift in Sources */,
				16F8F24D50C9EB96562011DC /* SmartPlay.swift in Sources */,
				77B3E1181A2A2CBFAD277C5E /* SmartPlayView.swift in Sources */,
				69A2102040E365274784D9BD /* SpriteButton.swift in Sources */,
				75DC9743887154D3D3823A75 /* Track.swift in Sources */,
				492B4DC977A439789D0DA1D9 /* VisualizerSettingsView.swift in Sources */,
				EC778E91CBFC41C1A6A09A2A /* Visualizers.swift in Sources */,
				ADFA445F84DD3EDB1A55C5DB /* WinampSkin.swift in Sources */,
				D2EA2CFCD49E1790A8904149 /* WinampTheme.swift in Sources */,
			);
			runOnlyForDeploymentPostprocessing = 0;
		};
		D0DA8D2BD65A7D9BC3108914 /* Sources */ = {
			isa = PBXSourcesBuildPhase;
			buildActionMask = 2147483647;
			files = (
				3623E19150C55CECDF8DF6BE /* HarmonIQActivityAttributes.swift in Sources */,
				C1E390816F8C0F10CAFE7D26 /* HarmonIQLiveActivityBundle.swift in Sources */,
				B153D80B704DF5FC98C09A50 /* HarmonIQLiveActivityWidget.swift in Sources */,
			);
			runOnlyForDeploymentPostprocessing = 0;
		};
/* End PBXSourcesBuildPhase section */

/* Begin PBXTargetDependency section */
		12EB8CD70A1CC444F1A649F4 /* PBXTargetDependency */ = {
			isa = PBXTargetDependency;
			target = D70013FE00F3141A4BA85332 /* HarmonIQLiveActivity */;
			targetProxy = E3D27CC360C854F9F3430208 /* PBXContainerItemProxy */;
		};
/* End PBXTargetDependency section */

/* Begin XCBuildConfiguration section */
		4133B8F7D14E21FD38A869E1 /* Debug */ = {
			isa = XCBuildConfiguration;
			buildSettings = {
				ALWAYS_SEARCH_USER_PATHS = NO;
				CLANG_ANALYZER_NONNULL = YES;
				CLANG_ANALYZER_NUMBER_OBJECT_CONVERSION = YES_AGGRESSIVE;
				CLANG_CXX_LANGUAGE_STANDARD = "gnu++14";
				CLANG_CXX_LIBRARY = "libc++";
				CLANG_ENABLE_MODULES = YES;
				CLANG_ENABLE_OBJC_ARC = YES;
				CLANG_ENABLE_OBJC_WEAK = YES;
				CLANG_WARN_BLOCK_CAPTURE_AUTORELEASING = YES;
				CLANG_WARN_BOOL_CONVERSION = YES;
				CLANG_WARN_COMMA = YES;
				CLANG_WARN_CONSTANT_CONVERSION = YES;
				CLANG_WARN_DEPRECATED_OBJC_IMPLEMENTATIONS = YES;
				CLANG_WARN_DIRECT_OBJC_ISA_USAGE = YES_ERROR;
				CLANG_WARN_DOCUMENTATION_COMMENTS = YES;
				CLANG_WARN_EMPTY_BODY = YES;
				CLANG_WARN_ENUM_CONVERSION = YES;
				CLANG_WARN_INFINITE_RECURSION = YES;
				CLANG_WARN_INT_CONVERSION = YES;
				CLANG_WARN_NON_LITERAL_NULL_CONVERSION = YES;
				CLANG_WARN_OBJC_IMPLICIT_RETAIN_SELF = YES;
				CLANG_WARN_OBJC_LITERAL_CONVERSION = YES;
				CLANG_WARN_OBJC_ROOT_CLASS = YES_ERROR;
				CLANG_WARN_QUOTED_INCLUDE_IN_FRAMEWORK_HEADER = YES;
				CLANG_WARN_RANGE_LOOP_ANALYSIS = YES;
				CLANG_WARN_STRICT_PROTOTYPES = YES;
				CLANG_WARN_SUSPICIOUS_MOVE = YES;
				CLANG_WARN_UNGUARDED_AVAILABILITY = YES_AGGRESSIVE;
				CLANG_WARN_UNREACHABLE_CODE = YES;
				CLANG_WARN__DUPLICATE_METHOD_MATCH = YES;
				CODE_SIGN_STYLE = Automatic;
				COPY_PHASE_STRIP = NO;
				DEBUG_INFORMATION_FORMAT = dwarf;
				DEVELOPMENT_LANGUAGE = en;
				DEVELOPMENT_TEAM = 79DDZ6D8WT;
				ENABLE_STRICT_OBJC_MSGSEND = YES;
				ENABLE_TESTABILITY = YES;
				ENABLE_USER_SCRIPT_SANDBOXING = NO;
				GCC_C_LANGUAGE_STANDARD = gnu11;
				GCC_DYNAMIC_NO_PIC = NO;
				GCC_NO_COMMON_BLOCKS = YES;
				GCC_OPTIMIZATION_LEVEL = 0;
				GCC_PREPROCESSOR_DEFINITIONS = (
					"$(inherited)",
					"DEBUG=1",
				);
				GCC_WARN_64_TO_32_BIT_CONVERSION = YES;
				GCC_WARN_ABOUT_RETURN_TYPE = YES_ERROR;
				GCC_WARN_UNDECLARED_SELECTOR = YES;
				GCC_WARN_UNINITIALIZED_AUTOS = YES_AGGRESSIVE;
				GCC_WARN_UNUSED_FUNCTION = YES;
				GCC_WARN_UNUSED_VARIABLE = YES;
				GENERATE_INFOPLIST_FILE = NO;
				IPHONEOS_DEPLOYMENT_TARGET = 16.0;
				MTL_ENABLE_DEBUG_INFO = INCLUDE_SOURCE;
				MTL_FAST_MATH = YES;
				ONLY_ACTIVE_ARCH = YES;
				PRODUCT_NAME = "$(TARGET_NAME)";
				SDKROOT = iphoneos;
				SWIFT_ACTIVE_COMPILATION_CONDITIONS = DEBUG;
				SWIFT_OPTIMIZATION_LEVEL = "-Onone";
				SWIFT_VERSION = 5.9;
			};
			name = Debug;
		};
		78A614C0CE6B1D3738CB4F1C /* Debug */ = {
			isa = XCBuildConfiguration;
			buildSettings = {
				ASSETCATALOG_COMPILER_APPICON_NAME = AppIcon;
				ASSETCATALOG_COMPILER_GLOBAL_ACCENT_COLOR_NAME = AccentColor;
				CODE_SIGN_IDENTITY = "iPhone Developer";
				DEVELOPMENT_ASSET_PATHS = "\"HarmonIQ/Resources/Preview Content\"";
				ENABLE_PREVIEWS = YES;
				INFOPLIST_FILE = HarmonIQ/Info.plist;
				IPHONEOS_DEPLOYMENT_TARGET = 16.0;
				LD_RUNPATH_SEARCH_PATHS = (
					"$(inherited)",
					"@executable_path/Frameworks",
				);
				PRODUCT_BUNDLE_IDENTIFIER = net.leochen.harmoniq;
				SDKROOT = iphoneos;
				SWIFT_EMIT_LOC_STRINGS = YES;
				TARGETED_DEVICE_FAMILY = "1,2";
			};
			name = Debug;
		};
		B00670969DC866A62C1F301D /* Release */ = {
			isa = XCBuildConfiguration;
			buildSettings = {
				ASSETCATALOG_COMPILER_APPICON_NAME = AppIcon;
				ASSETCATALOG_COMPILER_GLOBAL_ACCENT_COLOR_NAME = AccentColor;
				CODE_SIGN_IDENTITY = "iPhone Developer";
				DEVELOPMENT_ASSET_PATHS = "\"HarmonIQ/Resources/Preview Content\"";
				ENABLE_PREVIEWS = YES;
				INFOPLIST_FILE = HarmonIQ/Info.plist;
				IPHONEOS_DEPLOYMENT_TARGET = 16.0;
				LD_RUNPATH_SEARCH_PATHS = (
					"$(inherited)",
					"@executable_path/Frameworks",
				);
				PRODUCT_BUNDLE_IDENTIFIER = net.leochen.harmoniq;
				SDKROOT = iphoneos;
				SWIFT_EMIT_LOC_STRINGS = YES;
				TARGETED_DEVICE_FAMILY = "1,2";
			};
			name = Release;
		};
		BEA86E2AF9532A4EE957067A /* Release */ = {
			isa = XCBuildConfiguration;
			buildSettings = {
				INFOPLIST_FILE = HarmonIQLiveActivity/Info.plist;
				IPHONEOS_DEPLOYMENT_TARGET = 16.1;
				LD_RUNPATH_SEARCH_PATHS = (
					"$(inherited)",
					"@executable_path/Frameworks",
					"@executable_path/../../Frameworks",
				);
				PRODUCT_BUNDLE_IDENTIFIER = net.leochen.harmoniq.LiveActivity;
				SDKROOT = iphoneos;
				SWIFT_EMIT_LOC_STRINGS = YES;
				TARGETED_DEVICE_FAMILY = "1,2";
			};
			name = Release;
		};
		C0BBF36798C086BFA8D4C344 /* Release */ = {
			isa = XCBuildConfiguration;
			buildSettings = {
				ALWAYS_SEARCH_USER_PATHS = NO;
				CLANG_ANALYZER_NONNULL = YES;
				CLANG_ANALYZER_NUMBER_OBJECT_CONVERSION = YES_AGGRESSIVE;
				CLANG_CXX_LANGUAGE_STANDARD = "gnu++14";
				CLANG_CXX_LIBRARY = "libc++";
				CLANG_ENABLE_MODULES = YES;
				CLANG_ENABLE_OBJC_ARC = YES;
				CLANG_ENABLE_OBJC_WEAK = YES;
				CLANG_WARN_BLOCK_CAPTURE_AUTORELEASING = YES;
				CLANG_WARN_BOOL_CONVERSION = YES;
				CLANG_WARN_COMMA = YES;
				CLANG_WARN_CONSTANT_CONVERSION = YES;
				CLANG_WARN_DEPRECATED_OBJC_IMPLEMENTATIONS = YES;
				CLANG_WARN_DIRECT_OBJC_ISA_USAGE = YES_ERROR;
				CLANG_WARN_DOCUMENTATION_COMMENTS = YES;
				CLANG_WARN_EMPTY_BODY = YES;
				CLANG_WARN_ENUM_CONVERSION = YES;
				CLANG_WARN_INFINITE_RECURSION = YES;
				CLANG_WARN_INT_CONVERSION = YES;
				CLANG_WARN_NON_LITERAL_NULL_CONVERSION = YES;
				CLANG_WARN_OBJC_IMPLICIT_RETAIN_SELF = YES;
				CLANG_WARN_OBJC_LITERAL_CONVERSION = YES;
				CLANG_WARN_OBJC_ROOT_CLASS = YES_ERROR;
				CLANG_WARN_QUOTED_INCLUDE_IN_FRAMEWORK_HEADER = YES;
				CLANG_WARN_RANGE_LOOP_ANALYSIS = YES;
				CLANG_WARN_STRICT_PROTOTYPES = YES;
				CLANG_WARN_SUSPICIOUS_MOVE = YES;
				CLANG_WARN_UNGUARDED_AVAILABILITY = YES_AGGRESSIVE;
				CLANG_WARN_UNREACHABLE_CODE = YES;
				CLANG_WARN__DUPLICATE_METHOD_MATCH = YES;
				CODE_SIGN_STYLE = Automatic;
				COPY_PHASE_STRIP = NO;
				DEBUG_INFORMATION_FORMAT = "dwarf-with-dsym";
				DEVELOPMENT_LANGUAGE = en;
				DEVELOPMENT_TEAM = 79DDZ6D8WT;
				ENABLE_NS_ASSERTIONS = NO;
				ENABLE_STRICT_OBJC_MSGSEND = YES;
				ENABLE_USER_SCRIPT_SANDBOXING = NO;
				GCC_C_LANGUAGE_STANDARD = gnu11;
				GCC_NO_COMMON_BLOCKS = YES;
				GCC_WARN_64_TO_32_BIT_CONVERSION = YES;
				GCC_WARN_ABOUT_RETURN_TYPE = YES_ERROR;
				GCC_WARN_UNDECLARED_SELECTOR = YES;
				GCC_WARN_UNINITIALIZED_AUTOS = YES_AGGRESSIVE;
				GCC_WARN_UNUSED_FUNCTION = YES;
				GCC_WARN_UNUSED_VARIABLE = YES;
				GENERATE_INFOPLIST_FILE = NO;
				IPHONEOS_DEPLOYMENT_TARGET = 16.0;
				MTL_ENABLE_DEBUG_INFO = NO;
				MTL_FAST_MATH = YES;
				PRODUCT_NAME = "$(TARGET_NAME)";
				SDKROOT = iphoneos;
				SWIFT_COMPILATION_MODE = wholemodule;
				SWIFT_OPTIMIZATION_LEVEL = "-O";
				SWIFT_VERSION = 5.9;
			};
			name = Release;
		};
		C91603AB84E03D47B4B2CF7F /* Debug */ = {
			isa = XCBuildConfiguration;
			buildSettings = {
				INFOPLIST_FILE = HarmonIQLiveActivity/Info.plist;
				IPHONEOS_DEPLOYMENT_TARGET = 16.1;
				LD_RUNPATH_SEARCH_PATHS = (
					"$(inherited)",
					"@executable_path/Frameworks",
					"@executable_path/../../Frameworks",
				);
				PRODUCT_BUNDLE_IDENTIFIER = net.leochen.harmoniq.LiveActivity;
				SDKROOT = iphoneos;
				SWIFT_EMIT_LOC_STRINGS = YES;
				TARGETED_DEVICE_FAMILY = "1,2";
			};
			name = Debug;
		};
/* End XCBuildConfiguration section */

/* Begin XCConfigurationList section */
		21D68879D6F1C19017187B3A /* Build configuration list for PBXProject "HarmonIQ" */ = {
			isa = XCConfigurationList;
			buildConfigurations = (
				4133B8F7D14E21FD38A869E1 /* Debug */,
				C0BBF36798C086BFA8D4C344 /* Release */,
			);
			defaultConfigurationIsVisible = 0;
			defaultConfigurationName = Debug;
		};
		935DC4696FF0A19FAC1304A8 /* Build configuration list for PBXNativeTarget "HarmonIQ" */ = {
			isa = XCConfigurationList;
			buildConfigurations = (
				78A614C0CE6B1D3738CB4F1C /* Debug */,
				B00670969DC866A62C1F301D /* Release */,
			);
			defaultConfigurationIsVisible = 0;
			defaultConfigurationName = Debug;
		};
		9636E077F3933FA8E06036D6 /* Build configuration list for PBXNativeTarget "HarmonIQLiveActivity" */ = {
			isa = XCConfigurationList;
			buildConfigurations = (
				C91603AB84E03D47B4B2CF7F /* Debug */,
				BEA86E2AF9532A4EE957067A /* Release */,
			);
			defaultConfigurationIsVisible = 0;
			defaultConfigurationName = Debug;
		};
/* End XCConfigurationList section */

/* Begin XCRemoteSwiftPackageReference section */
		D7F7BBAF59CB25CC58B93E6E /* XCRemoteSwiftPackageReference "ZIPFoundation" */ = {
			isa = XCRemoteSwiftPackageReference;
			repositoryURL = "https://github.com/weichsel/ZIPFoundation";
			requirement = {
				kind = upToNextMajorVersion;
				minimumVersion = 0.9.19;
			};
		};
/* End XCRemoteSwiftPackageReference section */

/* Begin XCSwiftPackageProductDependency section */
		EC4820A900BD0CE57BB886C3 /* ZIPFoundation */ = {
			isa = XCSwiftPackageProductDependency;
			package = D7F7BBAF59CB25CC58B93E6E /* XCRemoteSwiftPackageReference "ZIPFoundation" */;
			productName = ZIPFoundation;
		};
/* End XCSwiftPackageProductDependency section */
	};
	rootObject = 27EC6F01F1FD7FF01CCCB4F0 /* Project object */;
}
